
Microsoft Visual Studio Solution File, Format Version 12.00
# Visual Studio 15
VisualStudioVersion = 15.0.26124.0
MinimumVisualStudioVersion = 15.0.26124.0
Project("{9A19103F-16F7-4668-BE54-9A1E7A4F7556}") = "R5T.Teutonia.Base.Construction", "R5T.Teutonia.Base.Construction\R5T.Teutonia.Base.Construction.csproj", "{68253CF8-B761-4A56-A540-021208C727B9}"
EndProject
Project("{9A19103F-16F7-4668-BE54-9A1E7A4F7556}") = "R5T.Teutonia.Base", "R5T.Teutonia.Base\R5T.Teutonia.Base.csproj", "{3CBDAC39-5A76-4034-954B-76E0E0B509EE}"
EndProject
Project("{2150E333-8FDC-42A3-9474-1A3956D46DE8}") = "_Dependencies", "_Dependencies", "{0CB08E00-659F-4583-9467-1B35D304F248}"
EndProject
Project("{9A19103F-16F7-4668-BE54-9A1E7A4F7556}") = "R5T.Gepidia.Base", "..\..\R5T.Gepidia.Base\source\R5T.Gepidia.Base\R5T.Gepidia.Base.csproj", "{FC3C8327-97E8-4CA5-B1E1-91CD0C24B4C8}"
EndProject
Project("{9A19103F-16F7-4668-BE54-9A1E7A4F7556}") = "R5T.Gepidia.Types", "..\..\R5T.Gepidia.Types\source\R5T.Gepidia.Types\R5T.Gepidia.Types.csproj", "{14BA5D3F-02E8-43B9-94C7-CD489EF5FDCA}"
EndProject
Project("{9A19103F-16F7-4668-BE54-9A1E7A4F7556}") = "R5T.Magyar", "..\..\R5T.Magyar\source\R5T.Magyar\R5T.Magyar.csproj", "{4D9852C6-AA54-48D6-9E9A-13B296CCCA9D}"
EndProject
Project("{9A19103F-16F7-4668-BE54-9A1E7A4F7556}") = "R5T.T0064", "..\..\R5T.T0064\source\R5T.T0064\R5T.T0064.csproj", "{DA0AA4A1-1F99-4BC6-B027-63A63A7AAD2C}"
EndProject
Global
	GlobalSection(SolutionConfigurationPlatforms) = preSolution
		Debug|Any CPU = Debug|Any CPU
		Debug|x64 = Debug|x64
		Debug|x86 = Debug|x86
		Release|Any CPU = Release|Any CPU
		Release|x64 = Release|x64
		Release|x86 = Release|x86
	EndGlobalSection
	GlobalSection(ProjectConfigurationPlatforms) = postSolution
		{68253CF8-B761-4A56-A540-021208C727B9}.Debug|Any CPU.ActiveCfg = Debug|Any CPU
		{68253CF8-B761-4A56-A540-021208C727B9}.Debug|Any CPU.Build.0 = Debug|Any CPU
		{68253CF8-B761-4A56-A540-021208C727B9}.Debug|x64.ActiveCfg = Debug|Any CPU
		{68253CF8-B761-4A56-A540-021208C727B9}.Debug|x64.Build.0 = Debug|Any CPU
		{68253CF8-B761-4A56-A540-021208C727B9}.Debug|x86.ActiveCfg = Debug|Any CPU
		{68253CF8-B761-4A56-A540-021208C727B9}.Debug|x86.Build.0 = Debug|Any CPU
		{68253CF8-B761-4A56-A540-021208C727B9}.Release|Any CPU.ActiveCfg = Release|Any CPU
		{68253CF8-B761-4A56-A540-021208C727B9}.Release|Any CPU.Build.0 = Release|Any CPU
		{68253CF8-B761-4A56-A540-021208C727B9}.Release|x64.ActiveCfg = Release|Any CPU
		{68253CF8-B761-4A56-A540-021208C727B9}.Release|x64.Build.0 = Release|Any CPU
		{68253CF8-B761-4A56-A540-021208C727B9}.Release|x86.ActiveCfg = Release|Any CPU
		{68253CF8-B761-4A56-A540-021208C727B9}.Release|x86.Build.0 = Release|Any CPU
		{3CBDAC39-5A76-4034-954B-76E0E0B509EE}.Debug|Any CPU.ActiveCfg = Debug|Any CPU
		{3CBDAC39-5A76-4034-954B-76E0E0B509EE}.Debug|Any CPU.Build.0 = Debug|Any CPU
		{3CBDAC39-5A76-4034-954B-76E0E0B509EE}.Debug|x64.ActiveCfg = Debug|Any CPU
		{3CBDAC39-5A76-4034-954B-76E0E0B509EE}.Debug|x64.Build.0 = Debug|Any CPU
		{3CBDAC39-5A76-4034-954B-76E0E0B509EE}.Debug|x86.ActiveCfg = Debug|Any CPU
		{3CBDAC39-5A76-4034-954B-76E0E0B509EE}.Debug|x86.Build.0 = Debug|Any CPU
		{3CBDAC39-5A76-4034-954B-76E0E0B509EE}.Release|Any CPU.ActiveCfg = Release|Any CPU
		{3CBDAC39-5A76-4034-954B-76E0E0B509EE}.Release|Any CPU.Build.0 = Release|Any CPU
		{3CBDAC39-5A76-4034-954B-76E0E0B509EE}.Release|x64.ActiveCfg = Release|Any CPU
		{3CBDAC39-5A76-4034-954B-76E0E0B509EE}.Release|x64.Build.0 = Release|Any CPU
		{3CBDAC39-5A76-4034-954B-76E0E0B509EE}.Release|x86.ActiveCfg = Release|Any CPU
		{3CBDAC39-5A76-4034-954B-76E0E0B509EE}.Release|x86.Build.0 = Release|Any CPU
		{FC3C8327-97E8-4CA5-B1E1-91CD0C24B4C8}.Debug|Any CPU.ActiveCfg = Debug|Any CPU
		{FC3C8327-97E8-4CA5-B1E1-91CD0C24B4C8}.Debug|Any CPU.Build.0 = Debug|Any CPU
		{FC3C8327-97E8-4CA5-B1E1-91CD0C24B4C8}.Debug|x64.ActiveCfg = Debug|Any CPU
		{FC3C8327-97E8-4CA5-B1E1-91CD0C24B4C8}.Debug|x64.Build.0 = Debug|Any CPU
		{FC3C8327-97E8-4CA5-B1E1-91CD0C24B4C8}.Debug|x86.ActiveCfg = Debug|Any CPU
		{FC3C8327-97E8-4CA5-B1E1-91CD0C24B4C8}.Debug|x86.Build.0 = Debug|Any CPU
		{FC3C8327-97E8-4CA5-B1E1-91CD0C24B4C8}.Release|Any CPU.ActiveCfg = Release|Any CPU
		{FC3C8327-97E8-4CA5-B1E1-91CD0C24B4C8}.Release|Any CPU.Build.0 = Release|Any CPU
		{FC3C8327-97E8-4CA5-B1E1-91CD0C24B4C8}.Release|x64.ActiveCfg = Release|Any CPU
		{FC3C8327-97E8-4CA5-B1E1-91CD0C24B4C8}.Release|x64.Build.0 = Release|Any CPU
		{FC3C8327-97E8-4CA5-B1E1-91CD0C24B4C8}.Release|x86.ActiveCfg = Release|Any CPU
		{FC3C8327-97E8-4CA5-B1E1-91CD0C24B4C8}.Release|x86.Build.0 = Release|Any CPU
		{14BA5D3F-02E8-43B9-94C7-CD489EF5FDCA}.Debug|Any CPU.ActiveCfg = Debug|Any CPU
		{14BA5D3F-02E8-43B9-94C7-CD489EF5FDCA}.Debug|Any CPU.Build.0 = Debug|Any CPU
		{14BA5D3F-02E8-43B9-94C7-CD489EF5FDCA}.Debug|x64.ActiveCfg = Debug|Any CPU
		{14BA5D3F-02E8-43B9-94C7-CD489EF5FDCA}.Debug|x64.Build.0 = Debug|Any CPU
		{14BA5D3F-02E8-43B9-94C7-CD489EF5FDCA}.Debug|x86.ActiveCfg = Debug|Any CPU
		{14BA5D3F-02E8-43B9-94C7-CD489EF5FDCA}.Debug|x86.Build.0 = Debug|Any CPU
		{14BA5D3F-02E8-43B9-94C7-CD489EF5FDCA}.Release|Any CPU.ActiveCfg = Release|Any CPU
		{14BA5D3F-02E8-43B9-94C7-CD489EF5FDCA}.Release|Any CPU.Build.0 = Release|Any CPU
		{14BA5D3F-02E8-43B9-94C7-CD489EF5FDCA}.Release|x64.ActiveCfg = Release|Any CPU
		{14BA5D3F-02E8-43B9-94C7-CD489EF5FDCA}.Release|x64.Build.0 = Release|Any CPU
		{14BA5D3F-02E8-43B9-94C7-CD489EF5FDCA}.Release|x86.ActiveCfg = Release|Any CPU
		{14BA5D3F-02E8-43B9-94C7-CD489EF5FDCA}.Release|x86.Build.0 = Release|Any CPU
		{4D9852C6-AA54-48D6-9E9A-13B296CCCA9D}.Debug|Any CPU.ActiveCfg = Debug|Any CPU
		{4D9852C6-AA54-48D6-9E9A-13B296CCCA9D}.Debug|Any CPU.Build.0 = Debug|Any CPU
		{4D9852C6-AA54-48D6-9E9A-13B296CCCA9D}.Debug|x64.ActiveCfg = Debug|Any CPU
		{4D9852C6-AA54-48D6-9E9A-13B296CCCA9D}.Debug|x64.Build.0 = Debug|Any CPU
		{4D9852C6-AA54-48D6-9E9A-13B296CCCA9D}.Debug|x86.ActiveCfg = Debug|Any CPU
		{4D9852C6-AA54-48D6-9E9A-13B296CCCA9D}.Debug|x86.Build.0 = Debug|Any CPU
		{4D9852C6-AA54-48D6-9E9A-13B296CCCA9D}.Release|Any CPU.ActiveCfg = Release|Any CPU
		{4D9852C6-AA54-48D6-9E9A-13B296CCCA9D}.Release|Any CPU.Build.0 = Release|Any CPU
		{4D9852C6-AA54-48D6-9E9A-13B296CCCA9D}.Release|x64.ActiveCfg = Release|Any CPU
		{4D9852C6-AA54-48D6-9E9A-13B296CCCA9D}.Release|x64.Build.0 = Release|Any CPU
		{4D9852C6-AA54-48D6-9E9A-13B296CCCA9D}.Release|x86.ActiveCfg = Release|Any CPU
		{4D9852C6-AA54-48D6-9E9A-13B296CCCA9D}.Release|x86.Build.0 = Release|Any CPU
		{DA0AA4A1-1F99-4BC6-B027-63A63A7AAD2C}.Debug|Any CPU.ActiveCfg = Debug|Any CPU
		{DA0AA4A1-1F99-4BC6-B027-63A63A7AAD2C}.Debug|Any CPU.Build.0 = Debug|Any CPU
		{DA0AA4A1-1F99-4BC6-B027-63A63A7AAD2C}.Debug|x64.ActiveCfg = Debug|Any CPU
		{DA0AA4A1-1F99-4BC6-B027-63A63A7AAD2C}.Debug|x64.Build.0 = Debug|Any CPU
		{DA0AA4A1-1F99-4BC6-B027-63A63A7AAD2C}.Debug|x86.ActiveCfg = Debug|Any CPU
		{DA0AA4A1-1F99-4BC6-B027-63A63A7AAD2C}.Debug|x86.Build.0 = Debug|Any CPU
		{DA0AA4A1-1F99-4BC6-B027-63A63A7AAD2C}.Release|Any CPU.ActiveCfg = Release|Any CPU
		{DA0AA4A1-1F99-4BC6-B027-63A63A7AAD2C}.Release|Any CPU.Build.0 = Release|Any CPU
		{DA0AA4A1-1F99-4BC6-B027-63A63A7AAD2C}.Release|x64.ActiveCfg = Release|Any CPU
		{DA0AA4A1-1F99-4BC6-B027-63A63A7AAD2C}.Release|x64.Build.0 = Release|Any CPU
		{DA0AA4A1-1F99-4BC6-B027-63A63A7AAD2C}.Release|x86.ActiveCfg = Release|Any CPU
		{DA0AA4A1-1F99-4BC6-B027-63A63A7AAD2C}.Release|x86.Build.0 = Release|Any CPU
	EndGlobalSection
	GlobalSection(SolutionProperties) = preSolution
		HideSolutionNode = FALSE
	EndGlobalSection
	GlobalSection(NestedProjects) = preSolution
		{FC3C8327-97E8-4CA5-B1E1-91CD0C24B4C8} = {0CB08E00-659F-4583-9467-1B35D304F248}
		{14BA5D3F-02E8-43B9-94C7-CD489EF5FDCA} = {0CB08E00-659F-4583-9467-1B35D304F248}
		{4D9852C6-AA54-48D6-9E9A-13B296CCCA9D} = {0CB08E00-659F-4583-9467-1B35D304F248}
		{DA0AA4A1-1F99-4BC6-B027-63A63A7AAD2C} = {0CB08E00-659F-4583-9467-1B35D304F248}
	EndGlobalSection
	GlobalSection(ExtensibilityGlobals) = postSolution
		SolutionGuid = {75D23DCD-4FD9-45B6-897B-A89C79F4A2F6}
	EndGlobalSection
EndGlobal
