
Microsoft Visual Studio Solution File, Format Version 12.00
# Visual Studio Version 16
VisualStudioVersion = 16.0.30114.105
MinimumVisualStudioVersion = 10.0.40219.1
Project("{FAE04EC0-301F-11D3-BF4B-00C04F79EFBC}") = "R5T.Teutonia.Base", "R5T.Teutonia.Base\R5T.Teutonia.Base.csproj", "{87E853D5-90DD-4E40-937A-20D4583E17AF}"
EndProject
Project("{FAE04EC0-301F-11D3-BF4B-00C04F79EFBC}") = "R5T.Teutonia.Base.Construction", "R5T.Teutonia.Base.Construction\R5T.Teutonia.Base.Construction.csproj", "{3555EC3B-3FFA-4EAD-9C6C-43AE17938DDC}"
EndProject
Global
	GlobalSection(SolutionConfigurationPlatforms) = preSolution
		Debug|Any CPU = Debug|Any CPU
		Debug|x64 = Debug|x64
		Debug|x86 = Debug|x86
		Release|Any CPU = Release|Any CPU
		Release|x64 = Release|x64
		Release|x86 = Release|x86
	EndGlobalSection
	GlobalSection(SolutionProperties) = preSolution
		HideSolutionNode = FALSE
	EndGlobalSection
	GlobalSection(ProjectConfigurationPlatforms) = postSolution
		{87E853D5-90DD-4E40-937A-20D4583E17AF}.Debug|Any CPU.ActiveCfg = Debug|Any CPU
		{87E853D5-90DD-4E40-937A-20D4583E17AF}.Debug|Any CPU.Build.0 = Debug|Any CPU
		{87E853D5-90DD-4E40-937A-20D4583E17AF}.Debug|x64.ActiveCfg = Debug|Any CPU
		{87E853D5-90DD-4E40-937A-20D4583E17AF}.Debug|x64.Build.0 = Debug|Any CPU
		{87E853D5-90DD-4E40-937A-20D4583E17AF}.Debug|x86.ActiveCfg = Debug|Any CPU
		{87E853D5-90DD-4E40-937A-20D4583E17AF}.Debug|x86.Build.0 = Debug|Any CPU
		{87E853D5-90DD-4E40-937A-20D4583E17AF}.Release|Any CPU.ActiveCfg = Release|Any CPU
		{87E853D5-90DD-4E40-937A-20D4583E17AF}.Release|Any CPU.Build.0 = Release|Any CPU
		{87E853D5-90DD-4E40-937A-20D4583E17AF}.Release|x64.ActiveCfg = Release|Any CPU
		{87E853D5-90DD-4E40-937A-20D4583E17AF}.Release|x64.Build.0 = Release|Any CPU
		{87E853D5-90DD-4E40-937A-20D4583E17AF}.Release|x86.ActiveCfg = Release|Any CPU
		{87E853D5-90DD-4E40-937A-20D4583E17AF}.Release|x86.Build.0 = Release|Any CPU
		{3555EC3B-3FFA-4EAD-9C6C-43AE17938DDC}.Debug|Any CPU.ActiveCfg = Debug|Any CPU
		{3555EC3B-3FFA-4EAD-9C6C-43AE17938DDC}.Debug|Any CPU.Build.0 = Debug|Any CPU
		{3555EC3B-3FFA-4EAD-9C6C-43AE17938DDC}.Debug|x64.ActiveCfg = Debug|Any CPU
		{3555EC3B-3FFA-4EAD-9C6C-43AE17938DDC}.Debug|x64.Build.0 = Debug|Any CPU
		{3555EC3B-3FFA-4EAD-9C6C-43AE17938DDC}.Debug|x86.ActiveCfg = Debug|Any CPU
		{3555EC3B-3FFA-4EAD-9C6C-43AE17938DDC}.Debug|x86.Build.0 = Debug|Any CPU
		{3555EC3B-3FFA-4EAD-9C6C-43AE17938DDC}.Release|Any CPU.ActiveCfg = Release|Any CPU
		{3555EC3B-3FFA-4EAD-9C6C-43AE17938DDC}.Release|Any CPU.Build.0 = Release|Any CPU
		{3555EC3B-3FFA-4EAD-9C6C-43AE17938DDC}.Release|x64.ActiveCfg = Release|Any CPU
		{3555EC3B-3FFA-4EAD-9C6C-43AE17938DDC}.Release|x64.Build.0 = Release|Any CPU
		{3555EC3B-3FFA-4EAD-9C6C-43AE17938DDC}.Release|x86.ActiveCfg = Release|Any CPU
		{3555EC3B-3FFA-4EAD-9C6C-43AE17938DDC}.Release|x86.Build.0 = Release|Any CPU
	EndGlobalSection
EndGlobal
